
Microsoft Visual Studio Solution File, Format Version 12.00
# Visual Studio 15
VisualStudioVersion = 15.0.28307.960
MinimumVisualStudioVersion = 10.0.40219.1
Project("{9A19103F-16F7-4668-BE54-9A1E7A4F7556}") = "DaLazyDog", "DaLazyDog\DaLazyDog.csproj", "{732626B2-396A-4E2B-8F19-E40BB2FCD733}"
EndProject
Project("{9A19103F-16F7-4668-BE54-9A1E7A4F7556}") = "Lazydog.Model", "Lazydog.Model\Lazydog.Model.csproj", "{B0376D52-8BD0-496F-98C8-3BA5523E0630}"
EndProject
Project("{9A19103F-16F7-4668-BE54-9A1E7A4F7556}") = "Lazydog.mysql", "Lazydog.mysql\Lazydog.mysql.csproj", "{E331C4AA-B62A-4CF1-B44E-FF473AC3F841}"
EndProject
Project("{FAE04EC0-301F-11D3-BF4B-00C04F79EFBC}") = "Lazydog.mysql.test", "Lazydog.mysql.test\Lazydog.mysql.test.csproj", "{E800E2A8-9882-4288-859A-EEB1D4CBDA75}"
EndProject
Global
	GlobalSection(SolutionConfigurationPlatforms) = preSolution
		Debug|Any CPU = Debug|Any CPU
		Release|Any CPU = Release|Any CPU
	EndGlobalSection
	GlobalSection(ProjectConfigurationPlatforms) = postSolution
		{732626B2-396A-4E2B-8F19-E40BB2FCD733}.Debug|Any CPU.ActiveCfg = Debug|Any CPU
		{732626B2-396A-4E2B-8F19-E40BB2FCD733}.Debug|Any CPU.Build.0 = Debug|Any CPU
		{732626B2-396A-4E2B-8F19-E40BB2FCD733}.Release|Any CPU.ActiveCfg = Release|Any CPU
		{732626B2-396A-4E2B-8F19-E40BB2FCD733}.Release|Any CPU.Build.0 = Release|Any CPU
		{B0376D52-8BD0-496F-98C8-3BA5523E0630}.Debug|Any CPU.ActiveCfg = Debug|Any CPU
		{B0376D52-8BD0-496F-98C8-3BA5523E0630}.Debug|Any CPU.Build.0 = Debug|Any CPU
		{B0376D52-8BD0-496F-98C8-3BA5523E0630}.Release|Any CPU.ActiveCfg = Release|Any CPU
		{B0376D52-8BD0-496F-98C8-3BA5523E0630}.Release|Any CPU.Build.0 = Release|Any CPU
		{E331C4AA-B62A-4CF1-B44E-FF473AC3F841}.Debug|Any CPU.ActiveCfg = Debug|Any CPU
		{E331C4AA-B62A-4CF1-B44E-FF473AC3F841}.Debug|Any CPU.Build.0 = Debug|Any CPU
		{E331C4AA-B62A-4CF1-B44E-FF473AC3F841}.Release|Any CPU.ActiveCfg = Release|Any CPU
		{E331C4AA-B62A-4CF1-B44E-FF473AC3F841}.Release|Any CPU.Build.0 = Release|Any CPU
		{E800E2A8-9882-4288-859A-EEB1D4CBDA75}.Debug|Any CPU.ActiveCfg = Debug|Any CPU
		{E800E2A8-9882-4288-859A-EEB1D4CBDA75}.Debug|Any CPU.Build.0 = Debug|Any CPU
		{E800E2A8-9882-4288-859A-EEB1D4CBDA75}.Release|Any CPU.ActiveCfg = Release|Any CPU
		{E800E2A8-9882-4288-859A-EEB1D4CBDA75}.Release|Any CPU.Build.0 = Release|Any CPU
	EndGlobalSection
	GlobalSection(SolutionProperties) = preSolution
		HideSolutionNode = FALSE
	EndGlobalSection
	GlobalSection(ExtensibilityGlobals) = postSolution
		SolutionGuid = {EEF7E0D9-635F-43F0-81AA-88FFE105B04E}
	EndGlobalSection
EndGlobal
